// !$*UTF8*$!
{
	archiveVersion = 1;
	classes = {
	};
	objectVersion = 46;
	objects = {

/* Begin PBXBuildFile section */
		19B5EC861ABA6BBB002D1AC8 /* AppDelegate.swift in Sources */ = {isa = PBXBuildFile; fileRef = 19B5EC851ABA6BBB002D1AC8 /* AppDelegate.swift */; };
		19B5EC881ABA6BBB002D1AC8 /* ViewController.swift in Sources */ = {isa = PBXBuildFile; fileRef = 19B5EC871ABA6BBB002D1AC8 /* ViewController.swift */; };
		19B5EC8B1ABA6BBB002D1AC8 /* Main.storyboard in Resources */ = {isa = PBXBuildFile; fileRef = 19B5EC891ABA6BBB002D1AC8 /* Main.storyboard */; };
		19B5EC8D1ABA6BBB002D1AC8 /* Images.xcassets in Resources */ = {isa = PBXBuildFile; fileRef = 19B5EC8C1ABA6BBB002D1AC8 /* Images.xcassets */; };
		19B5EC901ABA6BBB002D1AC8 /* LaunchScreen.xib in Resources */ = {isa = PBXBuildFile; fileRef = 19B5EC8E1ABA6BBB002D1AC8 /* LaunchScreen.xib */; };
		19B5EC9C1ABA6BBB002D1AC8 /* receiver_uiTests.swift in Sources */ = {isa = PBXBuildFile; fileRef = 19B5EC9B1ABA6BBB002D1AC8 /* receiver_uiTests.swift */; };
		19B5ECAD1ABA7162002D1AC8 /* MarkOT-Bold.otf in Resources */ = {isa = PBXBuildFile; fileRef = 19B5ECA51ABA7162002D1AC8 /* MarkOT-Bold.otf */; };
		19B5ECAE1ABA7162002D1AC8 /* MarkOT-BoldItalic.otf in Resources */ = {isa = PBXBuildFile; fileRef = 19B5ECA61ABA7162002D1AC8 /* MarkOT-BoldItalic.otf */; };
		19B5ECAF1ABA7162002D1AC8 /* MarkOT-Italic.otf in Resources */ = {isa = PBXBuildFile; fileRef = 19B5ECA71ABA7162002D1AC8 /* MarkOT-Italic.otf */; };
		19B5ECB01ABA7162002D1AC8 /* MarkOT-Light.otf in Resources */ = {isa = PBXBuildFile; fileRef = 19B5ECA81ABA7162002D1AC8 /* MarkOT-Light.otf */; };
		19B5ECB11ABA7162002D1AC8 /* MarkOT-LightItalic.otf in Resources */ = {isa = PBXBuildFile; fileRef = 19B5ECA91ABA7162002D1AC8 /* MarkOT-LightItalic.otf */; };
		19B5ECB21ABA7162002D1AC8 /* MarkOT-Medium.otf in Resources */ = {isa = PBXBuildFile; fileRef = 19B5ECAA1ABA7162002D1AC8 /* MarkOT-Medium.otf */; };
		19B5ECB31ABA7162002D1AC8 /* MarkOT-MediumItalic.otf in Resources */ = {isa = PBXBuildFile; fileRef = 19B5ECAB1ABA7162002D1AC8 /* MarkOT-MediumItalic.otf */; };
		19B5ECB41ABA7162002D1AC8 /* MarkOT.otf in Resources */ = {isa = PBXBuildFile; fileRef = 19B5ECAC1ABA7162002D1AC8 /* MarkOT.otf */; };
		19B5ECB71ABA7DE8002D1AC8 /* InvitationViewController.swift in Sources */ = {isa = PBXBuildFile; fileRef = 19B5ECB61ABA7DE8002D1AC8 /* InvitationViewController.swift */; };
		19B5ECB91ABA7E39002D1AC8 /* TilesViewController.swift in Sources */ = {isa = PBXBuildFile; fileRef = 19B5ECB81ABA7E39002D1AC8 /* TilesViewController.swift */; };
		19B5ECBD1ABA7E79002D1AC8 /* BaseTransition.swift in Sources */ = {isa = PBXBuildFile; fileRef = 19B5ECBA1ABA7E79002D1AC8 /* BaseTransition.swift */; };
		19B5ECBE1ABA7E79002D1AC8 /* Common.swift in Sources */ = {isa = PBXBuildFile; fileRef = 19B5ECBB1ABA7E79002D1AC8 /* Common.swift */; };
		19B5ECBF1ABA7E79002D1AC8 /* FadeTransition.swift in Sources */ = {isa = PBXBuildFile; fileRef = 19B5ECBC1ABA7E79002D1AC8 /* FadeTransition.swift */; };
/* End PBXBuildFile section */

/* Begin PBXContainerItemProxy section */
		19B5EC961ABA6BBB002D1AC8 /* PBXContainerItemProxy */ = {
			isa = PBXContainerItemProxy;
			containerPortal = 19B5EC781ABA6BBB002D1AC8 /* Project object */;
			proxyType = 1;
			remoteGlobalIDString = 19B5EC7F1ABA6BBB002D1AC8;
			remoteInfo = "receiver-ui";
		};
/* End PBXContainerItemProxy section */

/* Begin PBXFileReference section */
		19B5EC801ABA6BBB002D1AC8 /* receiver-ui.app */ = {isa = PBXFileReference; explicitFileType = wrapper.application; includeInIndex = 0; path = "receiver-ui.app"; sourceTree = BUILT_PRODUCTS_DIR; };
		19B5EC841ABA6BBB002D1AC8 /* Info.plist */ = {isa = PBXFileReference; lastKnownFileType = text.plist.xml; path = Info.plist; sourceTree = "<group>"; };
		19B5EC851ABA6BBB002D1AC8 /* AppDelegate.swift */ = {isa = PBXFileReference; lastKnownFileType = sourcecode.swift; path = AppDelegate.swift; sourceTree = "<group>"; };
		19B5EC871ABA6BBB002D1AC8 /* ViewController.swift */ = {isa = PBXFileReference; lastKnownFileType = sourcecode.swift; path = ViewController.swift; sourceTree = "<group>"; };
		19B5EC8A1ABA6BBB002D1AC8 /* Base */ = {isa = PBXFileReference; lastKnownFileType = file.storyboard; name = Base; path = Base.lproj/Main.storyboard; sourceTree = "<group>"; };
		19B5EC8C1ABA6BBB002D1AC8 /* Images.xcassets */ = {isa = PBXFileReference; lastKnownFileType = folder.assetcatalog; path = Images.xcassets; sourceTree = "<group>"; };
		19B5EC8F1ABA6BBB002D1AC8 /* Base */ = {isa = PBXFileReference; lastKnownFileType = file.xib; name = Base; path = Base.lproj/LaunchScreen.xib; sourceTree = "<group>"; };
		19B5EC951ABA6BBB002D1AC8 /* receiver-uiTests.xctest */ = {isa = PBXFileReference; explicitFileType = wrapper.cfbundle; includeInIndex = 0; path = "receiver-uiTests.xctest"; sourceTree = BUILT_PRODUCTS_DIR; };
		19B5EC9A1ABA6BBB002D1AC8 /* Info.plist */ = {isa = PBXFileReference; lastKnownFileType = text.plist.xml; path = Info.plist; sourceTree = "<group>"; };
		19B5EC9B1ABA6BBB002D1AC8 /* receiver_uiTests.swift */ = {isa = PBXFileReference; lastKnownFileType = sourcecode.swift; path = receiver_uiTests.swift; sourceTree = "<group>"; };
		19B5ECA51ABA7162002D1AC8 /* MarkOT-Bold.otf */ = {isa = PBXFileReference; lastKnownFileType = file; path = "MarkOT-Bold.otf"; sourceTree = "<group>"; };
		19B5ECA61ABA7162002D1AC8 /* MarkOT-BoldItalic.otf */ = {isa = PBXFileReference; lastKnownFileType = file; path = "MarkOT-BoldItalic.otf"; sourceTree = "<group>"; };
		19B5ECA71ABA7162002D1AC8 /* MarkOT-Italic.otf */ = {isa = PBXFileReference; lastKnownFileType = file; path = "MarkOT-Italic.otf"; sourceTree = "<group>"; };
		19B5ECA81ABA7162002D1AC8 /* MarkOT-Light.otf */ = {isa = PBXFileReference; lastKnownFileType = file; path = "MarkOT-Light.otf"; sourceTree = "<group>"; };
		19B5ECA91ABA7162002D1AC8 /* MarkOT-LightItalic.otf */ = {isa = PBXFileReference; lastKnownFileType = file; path = "MarkOT-LightItalic.otf"; sourceTree = "<group>"; };
		19B5ECAA1ABA7162002D1AC8 /* MarkOT-Medium.otf */ = {isa = PBXFileReference; lastKnownFileType = file; path = "MarkOT-Medium.otf"; sourceTree = "<group>"; };
		19B5ECAB1ABA7162002D1AC8 /* MarkOT-MediumItalic.otf */ = {isa = PBXFileReference; lastKnownFileType = file; path = "MarkOT-MediumItalic.otf"; sourceTree = "<group>"; };
		19B5ECAC1ABA7162002D1AC8 /* MarkOT.otf */ = {isa = PBXFileReference; lastKnownFileType = file; path = MarkOT.otf; sourceTree = "<group>"; };
		19B5ECB61ABA7DE8002D1AC8 /* InvitationViewController.swift */ = {isa = PBXFileReference; fileEncoding = 4; lastKnownFileType = sourcecode.swift; path = InvitationViewController.swift; sourceTree = "<group>"; };
		19B5ECB81ABA7E39002D1AC8 /* TilesViewController.swift */ = {isa = PBXFileReference; fileEncoding = 4; lastKnownFileType = sourcecode.swift; path = TilesViewController.swift; sourceTree = "<group>"; };
		19B5ECBA1ABA7E79002D1AC8 /* BaseTransition.swift */ = {isa = PBXFileReference; fileEncoding = 4; lastKnownFileType = sourcecode.swift; path = BaseTransition.swift; sourceTree = "<group>"; };
		19B5ECBB1ABA7E79002D1AC8 /* Common.swift */ = {isa = PBXFileReference; fileEncoding = 4; lastKnownFileType = sourcecode.swift; path = Common.swift; sourceTree = "<group>"; };
		19B5ECBC1ABA7E79002D1AC8 /* FadeTransition.swift */ = {isa = PBXFileReference; fileEncoding = 4; lastKnownFileType = sourcecode.swift; path = FadeTransition.swift; sourceTree = "<group>"; };
/* End PBXFileReference section */

/* Begin PBXFrameworksBuildPhase section */
		19B5EC7D1ABA6BBB002D1AC8 /* Frameworks */ = {
			isa = PBXFrameworksBuildPhase;
			buildActionMask = 2147483647;
			files = (
			);
			runOnlyForDeploymentPostprocessing = 0;
		};
		19B5EC921ABA6BBB002D1AC8 /* Frameworks */ = {
			isa = PBXFrameworksBuildPhase;
			buildActionMask = 2147483647;
			files = (
			);
			runOnlyForDeploymentPostprocessing = 0;
		};
/* End PBXFrameworksBuildPhase section */

/* Begin PBXGroup section */
		19B5EC771ABA6BBB002D1AC8 = {
			isa = PBXGroup;
			children = (
				19B5EC821ABA6BBB002D1AC8 /* receiver-ui */,
				19B5EC981ABA6BBB002D1AC8 /* receiver-uiTests */,
				19B5EC811ABA6BBB002D1AC8 /* Products */,
			);
			sourceTree = "<group>";
		};
		19B5EC811ABA6BBB002D1AC8 /* Products */ = {
			isa = PBXGroup;
			children = (
				19B5EC801ABA6BBB002D1AC8 /* receiver-ui.app */,
				19B5EC951ABA6BBB002D1AC8 /* receiver-uiTests.xctest */,
			);
			name = Products;
			sourceTree = "<group>";
		};
		19B5EC821ABA6BBB002D1AC8 /* receiver-ui */ = {
			isa = PBXGroup;
			children = (
				19B5EC851ABA6BBB002D1AC8 /* AppDelegate.swift */,
				19B5EC871ABA6BBB002D1AC8 /* ViewController.swift */,
				19B5EC891ABA6BBB002D1AC8 /* Main.storyboard */,
				19B5ECB61ABA7DE8002D1AC8 /* InvitationViewController.swift */,
				19B5ECB81ABA7E39002D1AC8 /* TilesViewController.swift */,
				19B5EC8C1ABA6BBB002D1AC8 /* Images.xcassets */,
				19B5EC8E1ABA6BBB002D1AC8 /* LaunchScreen.xib */,
				19B5ECB51ABA716B002D1AC8 /* Fonts */,
				19B5EC831ABA6BBB002D1AC8 /* Supporting Files */,
			);
			path = "receiver-ui";
			sourceTree = "<group>";
		};
		19B5EC831ABA6BBB002D1AC8 /* Supporting Files */ = {
			isa = PBXGroup;
			children = (
				19B5ECBA1ABA7E79002D1AC8 /* BaseTransition.swift */,
				19B5ECBC1ABA7E79002D1AC8 /* FadeTransition.swift */,
				19B5ECBB1ABA7E79002D1AC8 /* Common.swift */,
				19B5EC841ABA6BBB002D1AC8 /* Info.plist */,
			);
			name = "Supporting Files";
			sourceTree = "<group>";
		};
		19B5EC981ABA6BBB002D1AC8 /* receiver-uiTests */ = {
			isa = PBXGroup;
			children = (
				19B5EC9B1ABA6BBB002D1AC8 /* receiver_uiTests.swift */,
				19B5EC991ABA6BBB002D1AC8 /* Supporting Files */,
			);
			path = "receiver-uiTests";
			sourceTree = "<group>";
		};
		19B5EC991ABA6BBB002D1AC8 /* Supporting Files */ = {
			isa = PBXGroup;
			children = (
				19B5EC9A1ABA6BBB002D1AC8 /* Info.plist */,
			);
			name = "Supporting Files";
			sourceTree = "<group>";
		};
		19B5ECB51ABA716B002D1AC8 /* Fonts */ = {
			isa = PBXGroup;
			children = (
				19B5ECA51ABA7162002D1AC8 /* MarkOT-Bold.otf */,
				19B5ECA61ABA7162002D1AC8 /* MarkOT-BoldItalic.otf */,
				19B5ECA71ABA7162002D1AC8 /* MarkOT-Italic.otf */,
				19B5ECA81ABA7162002D1AC8 /* MarkOT-Light.otf */,
				19B5ECA91ABA7162002D1AC8 /* MarkOT-LightItalic.otf */,
				19B5ECAA1ABA7162002D1AC8 /* MarkOT-Medium.otf */,
				19B5ECAB1ABA7162002D1AC8 /* MarkOT-MediumItalic.otf */,
				19B5ECAC1ABA7162002D1AC8 /* MarkOT.otf */,
			);
			name = Fonts;
			sourceTree = "<group>";
		};
/* End PBXGroup section */

/* Begin PBXNativeTarget section */
		19B5EC7F1ABA6BBB002D1AC8 /* receiver-ui */ = {
			isa = PBXNativeTarget;
			buildConfigurationList = 19B5EC9F1ABA6BBB002D1AC8 /* Build configuration list for PBXNativeTarget "receiver-ui" */;
			buildPhases = (
				19B5EC7C1ABA6BBB002D1AC8 /* Sources */,
				19B5EC7D1ABA6BBB002D1AC8 /* Frameworks */,
				19B5EC7E1ABA6BBB002D1AC8 /* Resources */,
			);
			buildRules = (
			);
			dependencies = (
			);
			name = "receiver-ui";
			productName = "receiver-ui";
			productReference = 19B5EC801ABA6BBB002D1AC8 /* receiver-ui.app */;
			productType = "com.apple.product-type.application";
		};
		19B5EC941ABA6BBB002D1AC8 /* receiver-uiTests */ = {
			isa = PBXNativeTarget;
			buildConfigurationList = 19B5ECA21ABA6BBB002D1AC8 /* Build configuration list for PBXNativeTarget "receiver-uiTests" */;
			buildPhases = (
				19B5EC911ABA6BBB002D1AC8 /* Sources */,
				19B5EC921ABA6BBB002D1AC8 /* Frameworks */,
				19B5EC931ABA6BBB002D1AC8 /* Resources */,
			);
			buildRules = (
			);
			dependencies = (
				19B5EC971ABA6BBB002D1AC8 /* PBXTargetDependency */,
			);
			name = "receiver-uiTests";
			productName = "receiver-uiTests";
			productReference = 19B5EC951ABA6BBB002D1AC8 /* receiver-uiTests.xctest */;
			productType = "com.apple.product-type.bundle.unit-test";
		};
/* End PBXNativeTarget section */

/* Begin PBXProject section */
		19B5EC781ABA6BBB002D1AC8 /* Project object */ = {
			isa = PBXProject;
			attributes = {
				LastUpgradeCheck = 0610;
				ORGANIZATIONNAME = "Scott Tong";
				TargetAttributes = {
					19B5EC7F1ABA6BBB002D1AC8 = {
						CreatedOnToolsVersion = 6.1.1;
					};
					19B5EC941ABA6BBB002D1AC8 = {
						CreatedOnToolsVersion = 6.1.1;
						TestTargetID = 19B5EC7F1ABA6BBB002D1AC8;
					};
				};
			};
			buildConfigurationList = 19B5EC7B1ABA6BBB002D1AC8 /* Build configuration list for PBXProject "receiver-ui" */;
			compatibilityVersion = "Xcode 3.2";
			developmentRegion = English;
			hasScannedForEncodings = 0;
			knownRegions = (
				en,
				Base,
			);
			mainGroup = 19B5EC771ABA6BBB002D1AC8;
			productRefGroup = 19B5EC811ABA6BBB002D1AC8 /* Products */;
			projectDirPath = "";
			projectRoot = "";
			targets = (
				19B5EC7F1ABA6BBB002D1AC8 /* receiver-ui */,
				19B5EC941ABA6BBB002D1AC8 /* receiver-uiTests */,
			);
		};
/* End PBXProject section */

/* Begin PBXResourcesBuildPhase section */
		19B5EC7E1ABA6BBB002D1AC8 /* Resources */ = {
			isa = PBXResourcesBuildPhase;
			buildActionMask = 2147483647;
			files = (
				19B5ECB01ABA7162002D1AC8 /* MarkOT-Light.otf in Resources */,
				19B5ECB21ABA7162002D1AC8 /* MarkOT-Medium.otf in Resources */,
				19B5ECB31ABA7162002D1AC8 /* MarkOT-MediumItalic.otf in Resources */,
				19B5EC8B1ABA6BBB002D1AC8 /* Main.storyboard in Resources */,
				19B5EC901ABA6BBB002D1AC8 /* LaunchScreen.xib in Resources */,
				19B5ECB41ABA7162002D1AC8 /* MarkOT.otf in Resources */,
				19B5ECAD1ABA7162002D1AC8 /* MarkOT-Bold.otf in Resources */,
				19B5ECAF1ABA7162002D1AC8 /* MarkOT-Italic.otf in Resources */,
				19B5ECAE1ABA7162002D1AC8 /* MarkOT-BoldItalic.otf in Resources */,
				19B5ECB11ABA7162002D1AC8 /* MarkOT-LightItalic.otf in Resources */,
				19B5EC8D1ABA6BBB002D1AC8 /* Images.xcassets in Resources */,
			);
			runOnlyForDeploymentPostprocessing = 0;
		};
		19B5EC931ABA6BBB002D1AC8 /* Resources */ = {
			isa = PBXResourcesBuildPhase;
			buildActionMask = 2147483647;
			files = (
			);
			runOnlyForDeploymentPostprocessing = 0;
		};
/* End PBXResourcesBuildPhase section */

/* Begin PBXSourcesBuildPhase section */
		19B5EC7C1ABA6BBB002D1AC8 /* Sources */ = {
			isa = PBXSourcesBuildPhase;
			buildActionMask = 2147483647;
			files = (
				19B5ECB91ABA7E39002D1AC8 /* TilesViewController.swift in Sources */,
				19B5ECBF1ABA7E79002D1AC8 /* FadeTransition.swift in Sources */,
				19B5ECBD1ABA7E79002D1AC8 /* BaseTransition.swift in Sources */,
				19B5ECB71ABA7DE8002D1AC8 /* InvitationViewController.swift in Sources */,
				19B5EC881ABA6BBB002D1AC8 /* ViewController.swift in Sources */,
				19B5ECBE1ABA7E79002D1AC8 /* Common.swift in Sources */,
				19B5EC861ABA6BBB002D1AC8 /* AppDelegate.swift in Sources */,
			);
			runOnlyForDeploymentPostprocessing = 0;
		};
		19B5EC911ABA6BBB002D1AC8 /* Sources */ = {
			isa = PBXSourcesBuildPhase;
			buildActionMask = 2147483647;
			files = (
				19B5EC9C1ABA6BBB002D1AC8 /* receiver_uiTests.swift in Sources */,
			);
			runOnlyForDeploymentPostprocessing = 0;
		};
/* End PBXSourcesBuildPhase section */

/* Begin PBXTargetDependency section */
		19B5EC971ABA6BBB002D1AC8 /* PBXTargetDependency */ = {
			isa = PBXTargetDependency;
			target = 19B5EC7F1ABA6BBB002D1AC8 /* receiver-ui */;
			targetProxy = 19B5EC961ABA6BBB002D1AC8 /* PBXContainerItemProxy */;
		};
/* End PBXTargetDependency section */

/* Begin PBXVariantGroup section */
		19B5EC891ABA6BBB002D1AC8 /* Main.storyboard */ = {
			isa = PBXVariantGroup;
			children = (
				19B5EC8A1ABA6BBB002D1AC8 /* Base */,
			);
			name = Main.storyboard;
			sourceTree = "<group>";
		};
		19B5EC8E1ABA6BBB002D1AC8 /* LaunchScreen.xib */ = {
			isa = PBXVariantGroup;
			children = (
				19B5EC8F1ABA6BBB002D1AC8 /* Base */,
			);
			name = LaunchScreen.xib;
			sourceTree = "<group>";
		};
/* End PBXVariantGroup section */

/* Begin XCBuildConfiguration section */
		19B5EC9D1ABA6BBB002D1AC8 /* Debug */ = {
			isa = XCBuildConfiguration;
			buildSettings = {
				ALWAYS_SEARCH_USER_PATHS = NO;
				CLANG_CXX_LANGUAGE_STANDARD = "gnu++0x";
				CLANG_CXX_LIBRARY = "libc++";
				CLANG_ENABLE_MODULES = YES;
				CLANG_ENABLE_OBJC_ARC = YES;
				CLANG_WARN_BOOL_CONVERSION = YES;
				CLANG_WARN_CONSTANT_CONVERSION = YES;
				CLANG_WARN_DIRECT_OBJC_ISA_USAGE = YES_ERROR;
				CLANG_WARN_EMPTY_BODY = YES;
				CLANG_WARN_ENUM_CONVERSION = YES;
				CLANG_WARN_INT_CONVERSION = YES;
				CLANG_WARN_OBJC_ROOT_CLASS = YES_ERROR;
				CLANG_WARN_UNREACHABLE_CODE = YES;
				CLANG_WARN__DUPLICATE_METHOD_MATCH = YES;
				"CODE_SIGN_IDENTITY[sdk=iphoneos*]" = "iPhone Developer";
				COPY_PHASE_STRIP = NO;
				ENABLE_STRICT_OBJC_MSGSEND = YES;
				GCC_C_LANGUAGE_STANDARD = gnu99;
				GCC_DYNAMIC_NO_PIC = NO;
				GCC_OPTIMIZATION_LEVEL = 0;
				GCC_PREPROCESSOR_DEFINITIONS = (
					"DEBUG=1",
					"$(inherited)",
				);
				GCC_SYMBOLS_PRIVATE_EXTERN = NO;
				GCC_WARN_64_TO_32_BIT_CONVERSION = YES;
				GCC_WARN_ABOUT_RETURN_TYPE = YES_ERROR;
				GCC_WARN_UNDECLARED_SELECTOR = YES;
				GCC_WARN_UNINITIALIZED_AUTOS = YES_AGGRESSIVE;
				GCC_WARN_UNUSED_FUNCTION = YES;
				GCC_WARN_UNUSED_VARIABLE = YES;
				IPHONEOS_DEPLOYMENT_TARGET = 8.1;
				MTL_ENABLE_DEBUG_INFO = YES;
				ONLY_ACTIVE_ARCH = YES;
				SDKROOT = iphoneos;
				SWIFT_OPTIMIZATION_LEVEL = "-Onone";
			};
			name = Debug;
		};
		19B5EC9E1ABA6BBB002D1AC8 /* Release */ = {
			isa = XCBuildConfiguration;
			buildSettings = {
				ALWAYS_SEARCH_USER_PATHS = NO;
				CLANG_CXX_LANGUAGE_STANDARD = "gnu++0x";
				CLANG_CXX_LIBRARY = "libc++";
				CLANG_ENABLE_MODULES = YES;
				CLANG_ENABLE_OBJC_ARC = YES;
				CLANG_WARN_BOOL_CONVERSION = YES;
				CLANG_WARN_CONSTANT_CONVERSION = YES;
				CLANG_WARN_DIRECT_OBJC_ISA_USAGE = YES_ERROR;
				CLANG_WARN_EMPTY_BODY = YES;
				CLANG_WARN_ENUM_CONVERSION = YES;
				CLANG_WARN_INT_CONVERSION = YES;
				CLANG_WARN_OBJC_ROOT_CLASS = YES_ERROR;
				CLANG_WARN_UNREACHABLE_CODE = YES;
				CLANG_WARN__DUPLICATE_METHOD_MATCH = YES;
				"CODE_SIGN_IDENTITY[sdk=iphoneos*]" = "iPhone Developer";
				COPY_PHASE_STRIP = YES;
				ENABLE_NS_ASSERTIONS = NO;
				ENABLE_STRICT_OBJC_MSGSEND = YES;
				GCC_C_LANGUAGE_STANDARD = gnu99;
				GCC_WARN_64_TO_32_BIT_CONVERSION = YES;
				GCC_WARN_ABOUT_RETURN_TYPE = YES_ERROR;
				GCC_WARN_UNDECLARED_SELECTOR = YES;
				GCC_WARN_UNINITIALIZED_AUTOS = YES_AGGRESSIVE;
				GCC_WARN_UNUSED_FUNCTION = YES;
				GCC_WARN_UNUSED_VARIABLE = YES;
				IPHONEOS_DEPLOYMENT_TARGET = 8.1;
				MTL_ENABLE_DEBUG_INFO = NO;
				SDKROOT = iphoneos;
				VALIDATE_PRODUCT = YES;
			};
			name = Release;
		};
		19B5ECA01ABA6BBB002D1AC8 /* Debug */ = {
			isa = XCBuildConfiguration;
			buildSettings = {
				ASSETCATALOG_COMPILER_APPICON_NAME = AppIcon;
				INFOPLIST_FILE = "receiver-ui/Info.plist";
				LD_RUNPATH_SEARCH_PATHS = "$(inherited) @executable_path/Frameworks";
				PRODUCT_NAME = "$(TARGET_NAME)";
			};
			name = Debug;
		};
		19B5ECA11ABA6BBB002D1AC8 /* Release */ = {
			isa = XCBuildConfiguration;
			buildSettings = {
				ASSETCATALOG_COMPILER_APPICON_NAME = AppIcon;
				INFOPLIST_FILE = "receiver-ui/Info.plist";
				LD_RUNPATH_SEARCH_PATHS = "$(inherited) @executable_path/Frameworks";
				PRODUCT_NAME = "$(TARGET_NAME)";
			};
			name = Release;
		};
		19B5ECA31ABA6BBB002D1AC8 /* Debug */ = {
			isa = XCBuildConfiguration;
			buildSettings = {
				BUNDLE_LOADER = "$(TEST_HOST)";
				FRAMEWORK_SEARCH_PATHS = (
					"$(SDKROOT)/Developer/Library/Frameworks",
					"$(inherited)",
				);
				GCC_PREPROCESSOR_DEFINITIONS = (
					"DEBUG=1",
					"$(inherited)",
				);
				INFOPLIST_FILE = "receiver-uiTests/Info.plist";
				LD_RUNPATH_SEARCH_PATHS = "$(inherited) @executable_path/Frameworks @loader_path/Frameworks";
				PRODUCT_NAME = "$(TARGET_NAME)";
				TEST_HOST = "$(BUILT_PRODUCTS_DIR)/receiver-ui.app/receiver-ui";
			};
			name = Debug;
		};
		19B5ECA41ABA6BBB002D1AC8 /* Release */ = {
			isa = XCBuildConfiguration;
			buildSettings = {
				BUNDLE_LOADER = "$(TEST_HOST)";
				FRAMEWORK_SEARCH_PATHS = (
					"$(SDKROOT)/Developer/Library/Frameworks",
					"$(inherited)",
				);
				INFOPLIST_FILE = "receiver-uiTests/Info.plist";
				LD_RUNPATH_SEARCH_PATHS = "$(inherited) @executable_path/Frameworks @loader_path/Frameworks";
				PRODUCT_NAME = "$(TARGET_NAME)";
				TEST_HOST = "$(BUILT_PRODUCTS_DIR)/receiver-ui.app/receiver-ui";
			};
			name = Release;
		};
/* End XCBuildConfiguration section */

/* Begin XCConfigurationList section */
		19B5EC7B1ABA6BBB002D1AC8 /* Build configuration list for PBXProject "receiver-ui" */ = {
			isa = XCConfigurationList;
			buildConfigurations = (
				19B5EC9D1ABA6BBB002D1AC8 /* Debug */,
				19B5EC9E1ABA6BBB002D1AC8 /* Release */,
			);
			defaultConfigurationIsVisible = 0;
			defaultConfigurationName = Release;
		};
		19B5EC9F1ABA6BBB002D1AC8 /* Build configuration list for PBXNativeTarget "receiver-ui" */ = {
			isa = XCConfigurationList;
			buildConfigurations = (
				19B5ECA01ABA6BBB002D1AC8 /* Debug */,
				19B5ECA11ABA6BBB002D1AC8 /* Release */,
			);
			defaultConfigurationIsVisible = 0;
			defaultConfigurationName = Release;
		};
		19B5ECA21ABA6BBB002D1AC8 /* Build configuration list for PBXNativeTarget "receiver-uiTests" */ = {
			isa = XCConfigurationList;
			buildConfigurations = (
				19B5ECA31ABA6BBB002D1AC8 /* Debug */,
				19B5ECA41ABA6BBB002D1AC8 /* Release */,
			);
			defaultConfigurationIsVisible = 0;
			defaultConfigurationName = Release;
		};
/* End XCConfigurationList section */
	};
	rootObject = 19B5EC781ABA6BBB002D1AC8 /* Project object */;
}
