// !$*UTF8*$!
{
	archiveVersion = 1;
	classes = {
	};
	objectVersion = 46;
	objects = {

/* Begin PBXBuildFile section */
		AC1E71D11AB68F11009CD4F1 /* AppDelegate.swift in Sources */ = {isa = PBXBuildFile; fileRef = AC1E71D01AB68F11009CD4F1 /* AppDelegate.swift */; };
		AC1E71D31AB68F11009CD4F1 /* ViewController.swift in Sources */ = {isa = PBXBuildFile; fileRef = AC1E71D21AB68F11009CD4F1 /* ViewController.swift */; };
		AC1E71D61AB68F11009CD4F1 /* Main.storyboard in Resources */ = {isa = PBXBuildFile; fileRef = AC1E71D41AB68F11009CD4F1 /* Main.storyboard */; };
		AC1E71D81AB68F11009CD4F1 /* Images.xcassets in Resources */ = {isa = PBXBuildFile; fileRef = AC1E71D71AB68F11009CD4F1 /* Images.xcassets */; };
		AC1E71DB1AB68F11009CD4F1 /* LaunchScreen.xib in Resources */ = {isa = PBXBuildFile; fileRef = AC1E71D91AB68F11009CD4F1 /* LaunchScreen.xib */; };
		AC1E71E71AB68F12009CD4F1 /* impromptu2Tests.swift in Sources */ = {isa = PBXBuildFile; fileRef = AC1E71E61AB68F12009CD4F1 /* impromptu2Tests.swift */; };
/* End PBXBuildFile section */

/* Begin PBXContainerItemProxy section */
		AC1E71E11AB68F12009CD4F1 /* PBXContainerItemProxy */ = {
			isa = PBXContainerItemProxy;
			containerPortal = AC1E71C31AB68F11009CD4F1 /* Project object */;
			proxyType = 1;
			remoteGlobalIDString = AC1E71CA1AB68F11009CD4F1;
			remoteInfo = impromptu2;
		};
/* End PBXContainerItemProxy section */

/* Begin PBXFileReference section */
		AC1E71CB1AB68F11009CD4F1 /* impromptu2.app */ = {isa = PBXFileReference; explicitFileType = wrapper.application; includeInIndex = 0; path = impromptu2.app; sourceTree = BUILT_PRODUCTS_DIR; };
		AC1E71CF1AB68F11009CD4F1 /* Info.plist */ = {isa = PBXFileReference; lastKnownFileType = text.plist.xml; path = Info.plist; sourceTree = "<group>"; };
		AC1E71D01AB68F11009CD4F1 /* AppDelegate.swift */ = {isa = PBXFileReference; lastKnownFileType = sourcecode.swift; path = AppDelegate.swift; sourceTree = "<group>"; };
		AC1E71D21AB68F11009CD4F1 /* ViewController.swift */ = {isa = PBXFileReference; lastKnownFileType = sourcecode.swift; path = ViewController.swift; sourceTree = "<group>"; };
		AC1E71D51AB68F11009CD4F1 /* Base */ = {isa = PBXFileReference; lastKnownFileType = file.storyboard; name = Base; path = Base.lproj/Main.storyboard; sourceTree = "<group>"; };
		AC1E71D71AB68F11009CD4F1 /* Images.xcassets */ = {isa = PBXFileReference; lastKnownFileType = folder.assetcatalog; path = Images.xcassets; sourceTree = "<group>"; };
		AC1E71DA1AB68F11009CD4F1 /* Base */ = {isa = PBXFileReference; lastKnownFileType = file.xib; name = Base; path = Base.lproj/LaunchScreen.xib; sourceTree = "<group>"; };
		AC1E71E01AB68F12009CD4F1 /* impromptu2Tests.xctest */ = {isa = PBXFileReference; explicitFileType = wrapper.cfbundle; includeInIndex = 0; path = impromptu2Tests.xctest; sourceTree = BUILT_PRODUCTS_DIR; };
		AC1E71E51AB68F12009CD4F1 /* Info.plist */ = {isa = PBXFileReference; lastKnownFileType = text.plist.xml; path = Info.plist; sourceTree = "<group>"; };
		AC1E71E61AB68F12009CD4F1 /* impromptu2Tests.swift */ = {isa = PBXFileReference; lastKnownFileType = sourcecode.swift; path = impromptu2Tests.swift; sourceTree = "<group>"; };
/* End PBXFileReference section */

/* Begin PBXFrameworksBuildPhase section */
		AC1E71C81AB68F11009CD4F1 /* Frameworks */ = {
			isa = PBXFrameworksBuildPhase;
			buildActionMask = 2147483647;
			files = (
			);
			runOnlyForDeploymentPostprocessing = 0;
		};
		AC1E71DD1AB68F12009CD4F1 /* Frameworks */ = {
			isa = PBXFrameworksBuildPhase;
			buildActionMask = 2147483647;
			files = (
			);
			runOnlyForDeploymentPostprocessing = 0;
		};
/* End PBXFrameworksBuildPhase section */

/* Begin PBXGroup section */
		AC1E71C21AB68F11009CD4F1 = {
			isa = PBXGroup;
			children = (
				AC1E71CD1AB68F11009CD4F1 /* impromptu2 */,
				AC1E71E31AB68F12009CD4F1 /* impromptu2Tests */,
				AC1E71CC1AB68F11009CD4F1 /* Products */,
			);
			sourceTree = "<group>";
		};
		AC1E71CC1AB68F11009CD4F1 /* Products */ = {
			isa = PBXGroup;
			children = (
				AC1E71CB1AB68F11009CD4F1 /* impromptu2.app */,
				AC1E71E01AB68F12009CD4F1 /* impromptu2Tests.xctest */,
			);
			name = Products;
			sourceTree = "<group>";
		};
		AC1E71CD1AB68F11009CD4F1 /* impromptu2 */ = {
			isa = PBXGroup;
			children = (
				AC1E71D01AB68F11009CD4F1 /* AppDelegate.swift */,
				AC1E71D21AB68F11009CD4F1 /* ViewController.swift */,
				AC1E71D41AB68F11009CD4F1 /* Main.storyboard */,
				AC1E71D71AB68F11009CD4F1 /* Images.xcassets */,
				AC1E71D91AB68F11009CD4F1 /* LaunchScreen.xib */,
				AC1E71CE1AB68F11009CD4F1 /* Supporting Files */,
			);
			path = impromptu2;
			sourceTree = "<group>";
		};
		AC1E71CE1AB68F11009CD4F1 /* Supporting Files */ = {
			isa = PBXGroup;
			children = (
				AC1E71CF1AB68F11009CD4F1 /* Info.plist */,
			);
			name = "Supporting Files";
			sourceTree = "<group>";
		};
		AC1E71E31AB68F12009CD4F1 /* impromptu2Tests */ = {
			isa = PBXGroup;
			children = (
				AC1E71E61AB68F12009CD4F1 /* impromptu2Tests.swift */,
				AC1E71E41AB68F12009CD4F1 /* Supporting Files */,
			);
			path = impromptu2Tests;
			sourceTree = "<group>";
		};
		AC1E71E41AB68F12009CD4F1 /* Supporting Files */ = {
			isa = PBXGroup;
			children = (
				AC1E71E51AB68F12009CD4F1 /* Info.plist */,
			);
			name = "Supporting Files";
			sourceTree = "<group>";
		};
/* End PBXGroup section */

/* Begin PBXNativeTarget section */
		AC1E71CA1AB68F11009CD4F1 /* impromptu2 */ = {
			isa = PBXNativeTarget;
			buildConfigurationList = AC1E71EA1AB68F12009CD4F1 /* Build configuration list for PBXNativeTarget "impromptu2" */;
			buildPhases = (
				AC1E71C71AB68F11009CD4F1 /* Sources */,
				AC1E71C81AB68F11009CD4F1 /* Frameworks */,
				AC1E71C91AB68F11009CD4F1 /* Resources */,
			);
			buildRules = (
			);
			dependencies = (
			);
			name = impromptu2;
			productName = impromptu2;
			productReference = AC1E71CB1AB68F11009CD4F1 /* impromptu2.app */;
			productType = "com.apple.product-type.application";
		};
		AC1E71DF1AB68F12009CD4F1 /* impromptu2Tests */ = {
			isa = PBXNativeTarget;
			buildConfigurationList = AC1E71ED1AB68F12009CD4F1 /* Build configuration list for PBXNativeTarget "impromptu2Tests" */;
			buildPhases = (
				AC1E71DC1AB68F12009CD4F1 /* Sources */,
				AC1E71DD1AB68F12009CD4F1 /* Frameworks */,
				AC1E71DE1AB68F12009CD4F1 /* Resources */,
			);
			buildRules = (
			);
			dependencies = (
				AC1E71E21AB68F12009CD4F1 /* PBXTargetDependency */,
			);
			name = impromptu2Tests;
			productName = impromptu2Tests;
			productReference = AC1E71E01AB68F12009CD4F1 /* impromptu2Tests.xctest */;
			productType = "com.apple.product-type.bundle.unit-test";
		};
/* End PBXNativeTarget section */

/* Begin PBXProject section */
		AC1E71C31AB68F11009CD4F1 /* Project object */ = {
			isa = PBXProject;
			attributes = {
				LastUpgradeCheck = 0620;
				ORGANIZATIONNAME = "Scott Silverman";
				TargetAttributes = {
					AC1E71CA1AB68F11009CD4F1 = {
						CreatedOnToolsVersion = 6.2;
					};
					AC1E71DF1AB68F12009CD4F1 = {
						CreatedOnToolsVersion = 6.2;
						TestTargetID = AC1E71CA1AB68F11009CD4F1;
					};
				};
			};
			buildConfigurationList = AC1E71C61AB68F11009CD4F1 /* Build configuration list for PBXProject "impromptu2" */;
			compatibilityVersion = "Xcode 3.2";
			developmentRegion = English;
			hasScannedForEncodings = 0;
			knownRegions = (
				en,
				Base,
			);
			mainGroup = AC1E71C21AB68F11009CD4F1;
			productRefGroup = AC1E71CC1AB68F11009CD4F1 /* Products */;
			projectDirPath = "";
			projectRoot = "";
			targets = (
				AC1E71CA1AB68F11009CD4F1 /* impromptu2 */,
				AC1E71DF1AB68F12009CD4F1 /* impromptu2Tests */,
			);
		};
/* End PBXProject section */

/* Begin PBXResourcesBuildPhase section */
		AC1E71C91AB68F11009CD4F1 /* Resources */ = {
			isa = PBXResourcesBuildPhase;
			buildActionMask = 2147483647;
			files = (
				AC1E71D61AB68F11009CD4F1 /* Main.storyboard in Resources */,
				AC1E71DB1AB68F11009CD4F1 /* LaunchScreen.xib in Resources */,
				AC1E71D81AB68F11009CD4F1 /* Images.xcassets in Resources */,
			);
			runOnlyForDeploymentPostprocessing = 0;
		};
		AC1E71DE1AB68F12009CD4F1 /* Resources */ = {
			isa = PBXResourcesBuildPhase;
			buildActionMask = 2147483647;
			files = (
			);
			runOnlyForDeploymentPostprocessing = 0;
		};
/* End PBXResourcesBuildPhase section */

/* Begin PBXSourcesBuildPhase section */
		AC1E71C71AB68F11009CD4F1 /* Sources */ = {
			isa = PBXSourcesBuildPhase;
			buildActionMask = 2147483647;
			files = (
				AC1E71D31AB68F11009CD4F1 /* ViewController.swift in Sources */,
				AC1E71D11AB68F11009CD4F1 /* AppDelegate.swift in Sources */,
			);
			runOnlyForDeploymentPostprocessing = 0;
		};
		AC1E71DC1AB68F12009CD4F1 /* Sources */ = {
			isa = PBXSourcesBuildPhase;
			buildActionMask = 2147483647;
			files = (
				AC1E71E71AB68F12009CD4F1 /* impromptu2Tests.swift in Sources */,
			);
			runOnlyForDeploymentPostprocessing = 0;
		};
/* End PBXSourcesBuildPhase section */

/* Begin PBXTargetDependency section */
		AC1E71E21AB68F12009CD4F1 /* PBXTargetDependency */ = {
			isa = PBXTargetDependency;
			target = AC1E71CA1AB68F11009CD4F1 /* impromptu2 */;
			targetProxy = AC1E71E11AB68F12009CD4F1 /* PBXContainerItemProxy */;
		};
/* End PBXTargetDependency section */

/* Begin PBXVariantGroup section */
		AC1E71D41AB68F11009CD4F1 /* Main.storyboard */ = {
			isa = PBXVariantGroup;
			children = (
				AC1E71D51AB68F11009CD4F1 /* Base */,
			);
			name = Main.storyboard;
			sourceTree = "<group>";
		};
		AC1E71D91AB68F11009CD4F1 /* LaunchScreen.xib */ = {
			isa = PBXVariantGroup;
			children = (
				AC1E71DA1AB68F11009CD4F1 /* Base */,
			);
			name = LaunchScreen.xib;
			sourceTree = "<group>";
		};
/* End PBXVariantGroup section */

/* Begin XCBuildConfiguration section */
		AC1E71E81AB68F12009CD4F1 /* Debug */ = {
			isa = XCBuildConfiguration;
			buildSettings = {
				ALWAYS_SEARCH_USER_PATHS = NO;
				CLANG_CXX_LANGUAGE_STANDARD = "gnu++0x";
				CLANG_CXX_LIBRARY = "libc++";
				CLANG_ENABLE_MODULES = YES;
				CLANG_ENABLE_OBJC_ARC = YES;
				CLANG_WARN_BOOL_CONVERSION = YES;
				CLANG_WARN_CONSTANT_CONVERSION = YES;
				CLANG_WARN_DIRECT_OBJC_ISA_USAGE = YES_ERROR;
				CLANG_WARN_EMPTY_BODY = YES;
				CLANG_WARN_ENUM_CONVERSION = YES;
				CLANG_WARN_INT_CONVERSION = YES;
				CLANG_WARN_OBJC_ROOT_CLASS = YES_ERROR;
				CLANG_WARN_UNREACHABLE_CODE = YES;
				CLANG_WARN__DUPLICATE_METHOD_MATCH = YES;
				"CODE_SIGN_IDENTITY[sdk=iphoneos*]" = "iPhone Developer";
				COPY_PHASE_STRIP = NO;
				ENABLE_STRICT_OBJC_MSGSEND = YES;
				GCC_C_LANGUAGE_STANDARD = gnu99;
				GCC_DYNAMIC_NO_PIC = NO;
				GCC_OPTIMIZATION_LEVEL = 0;
				GCC_PREPROCESSOR_DEFINITIONS = (
					"DEBUG=1",
					"$(inherited)",
				);
				GCC_SYMBOLS_PRIVATE_EXTERN = NO;
				GCC_WARN_64_TO_32_BIT_CONVERSION = YES;
				GCC_WARN_ABOUT_RETURN_TYPE = YES_ERROR;
				GCC_WARN_UNDECLARED_SELECTOR = YES;
				GCC_WARN_UNINITIALIZED_AUTOS = YES_AGGRESSIVE;
				GCC_WARN_UNUSED_FUNCTION = YES;
				GCC_WARN_UNUSED_VARIABLE = YES;
				IPHONEOS_DEPLOYMENT_TARGET = 8.2;
				MTL_ENABLE_DEBUG_INFO = YES;
				ONLY_ACTIVE_ARCH = YES;
				SDKROOT = iphoneos;
				SWIFT_OPTIMIZATION_LEVEL = "-Onone";
			};
			name = Debug;
		};
		AC1E71E91AB68F12009CD4F1 /* Release */ = {
			isa = XCBuildConfiguration;
			buildSettings = {
				ALWAYS_SEARCH_USER_PATHS = NO;
				CLANG_CXX_LANGUAGE_STANDARD = "gnu++0x";
				CLANG_CXX_LIBRARY = "libc++";
				CLANG_ENABLE_MODULES = YES;
				CLANG_ENABLE_OBJC_ARC = YES;
				CLANG_WARN_BOOL_CONVERSION = YES;
				CLANG_WARN_CONSTANT_CONVERSION = YES;
				CLANG_WARN_DIRECT_OBJC_ISA_USAGE = YES_ERROR;
				CLANG_WARN_EMPTY_BODY = YES;
				CLANG_WARN_ENUM_CONVERSION = YES;
				CLANG_WARN_INT_CONVERSION = YES;
				CLANG_WARN_OBJC_ROOT_CLASS = YES_ERROR;
				CLANG_WARN_UNREACHABLE_CODE = YES;
				CLANG_WARN__DUPLICATE_METHOD_MATCH = YES;
				"CODE_SIGN_IDENTITY[sdk=iphoneos*]" = "iPhone Developer";
				COPY_PHASE_STRIP = NO;
				ENABLE_NS_ASSERTIONS = NO;
				ENABLE_STRICT_OBJC_MSGSEND = YES;
				GCC_C_LANGUAGE_STANDARD = gnu99;
				GCC_WARN_64_TO_32_BIT_CONVERSION = YES;
				GCC_WARN_ABOUT_RETURN_TYPE = YES_ERROR;
				GCC_WARN_UNDECLARED_SELECTOR = YES;
				GCC_WARN_UNINITIALIZED_AUTOS = YES_AGGRESSIVE;
				GCC_WARN_UNUSED_FUNCTION = YES;
				GCC_WARN_UNUSED_VARIABLE = YES;
				IPHONEOS_DEPLOYMENT_TARGET = 8.2;
				MTL_ENABLE_DEBUG_INFO = NO;
				SDKROOT = iphoneos;
				VALIDATE_PRODUCT = YES;
			};
			name = Release;
		};
		AC1E71EB1AB68F12009CD4F1 /* Debug */ = {
			isa = XCBuildConfiguration;
			buildSettings = {
				ASSETCATALOG_COMPILER_APPICON_NAME = AppIcon;
				INFOPLIST_FILE = impromptu2/Info.plist;
				LD_RUNPATH_SEARCH_PATHS = "$(inherited) @executable_path/Frameworks";
				PRODUCT_NAME = "$(TARGET_NAME)";
			};
			name = Debug;
		};
		AC1E71EC1AB68F12009CD4F1 /* Release */ = {
			isa = XCBuildConfiguration;
			buildSettings = {
				ASSETCATALOG_COMPILER_APPICON_NAME = AppIcon;
				INFOPLIST_FILE = impromptu2/Info.plist;
				LD_RUNPATH_SEARCH_PATHS = "$(inherited) @executable_path/Frameworks";
				PRODUCT_NAME = "$(TARGET_NAME)";
			};
			name = Release;
		};
		AC1E71EE1AB68F12009CD4F1 /* Debug */ = {
			isa = XCBuildConfiguration;
			buildSettings = {
				BUNDLE_LOADER = "$(TEST_HOST)";
				FRAMEWORK_SEARCH_PATHS = (
					"$(SDKROOT)/Developer/Library/Frameworks",
					"$(inherited)",
				);
				GCC_PREPROCESSOR_DEFINITIONS = (
					"DEBUG=1",
					"$(inherited)",
				);
				INFOPLIST_FILE = impromptu2Tests/Info.plist;
				LD_RUNPATH_SEARCH_PATHS = "$(inherited) @executable_path/Frameworks @loader_path/Frameworks";
				PRODUCT_NAME = "$(TARGET_NAME)";
				TEST_HOST = "$(BUILT_PRODUCTS_DIR)/impromptu2.app/impromptu2";
			};
			name = Debug;
		};
		AC1E71EF1AB68F12009CD4F1 /* Release */ = {
			isa = XCBuildConfiguration;
			buildSettings = {
				BUNDLE_LOADER = "$(TEST_HOST)";
				FRAMEWORK_SEARCH_PATHS = (
					"$(SDKROOT)/Developer/Library/Frameworks",
					"$(inherited)",
				);
				INFOPLIST_FILE = impromptu2Tests/Info.plist;
				LD_RUNPATH_SEARCH_PATHS = "$(inherited) @executable_path/Frameworks @loader_path/Frameworks";
				PRODUCT_NAME = "$(TARGET_NAME)";
				TEST_HOST = "$(BUILT_PRODUCTS_DIR)/impromptu2.app/impromptu2";
			};
			name = Release;
		};
/* End XCBuildConfiguration section */

/* Begin XCConfigurationList section */
		AC1E71C61AB68F11009CD4F1 /* Build configuration list for PBXProject "impromptu2" */ = {
			isa = XCConfigurationList;
			buildConfigurations = (
				AC1E71E81AB68F12009CD4F1 /* Debug */,
				AC1E71E91AB68F12009CD4F1 /* Release */,
			);
			defaultConfigurationIsVisible = 0;
			defaultConfigurationName = Release;
		};
		AC1E71EA1AB68F12009CD4F1 /* Build configuration list for PBXNativeTarget "impromptu2" */ = {
			isa = XCConfigurationList;
			buildConfigurations = (
				AC1E71EB1AB68F12009CD4F1 /* Debug */,
				AC1E71EC1AB68F12009CD4F1 /* Release */,
			);
			defaultConfigurationIsVisible = 0;
		};
		AC1E71ED1AB68F12009CD4F1 /* Build configuration list for PBXNativeTarget "impromptu2Tests" */ = {
			isa = XCConfigurationList;
			buildConfigurations = (
				AC1E71EE1AB68F12009CD4F1 /* Debug */,
				AC1E71EF1AB68F12009CD4F1 /* Release */,
			);
			defaultConfigurationIsVisible = 0;
		};
/* End XCConfigurationList section */
	};
	rootObject = AC1E71C31AB68F11009CD4F1 /* Project object */;
}
